
Microsoft Visual Studio Solution File, Format Version 12.00
# Visual Studio Version 17
VisualStudioVersion = 17.0.32126.317
MinimumVisualStudioVersion = 10.0.40219.1
Project("{FAE04EC0-301F-11D3-BF4B-00C04F79EFBC}") = "BT3.9.Tim-Ky-Tu-Xuat-Hien-Nhieu-Nhat", "BT3.9.Tim-Ky-Tu-Xuat-Hien-Nhieu-Nhat\BT3.9.Tim-Ky-Tu-Xuat-Hien-Nhieu-Nhat.csproj", "{1906B9CB-C224-4C54-A7CC-5DAE270292D7}"
EndProject
Global
	GlobalSection(SolutionConfigurationPlatforms) = preSolution
		Debug|Any CPU = Debug|Any CPU
		Release|Any CPU = Release|Any CPU
	EndGlobalSection
	GlobalSection(ProjectConfigurationPlatforms) = postSolution
		{1906B9CB-C224-4C54-A7CC-5DAE270292D7}.Debug|Any CPU.ActiveCfg = Debug|Any CPU
		{1906B9CB-C224-4C54-A7CC-5DAE270292D7}.Debug|Any CPU.Build.0 = Debug|Any CPU
		{1906B9CB-C224-4C54-A7CC-5DAE270292D7}.Release|Any CPU.ActiveCfg = Release|Any CPU
		{1906B9CB-C224-4C54-A7CC-5DAE270292D7}.Release|Any CPU.Build.0 = Release|Any CPU
	EndGlobalSection
	GlobalSection(SolutionProperties) = preSolution
		HideSolutionNode = FALSE
	EndGlobalSection
	GlobalSection(ExtensibilityGlobals) = postSolution
		SolutionGuid = {773F50F1-C8D1-4AD9-831C-D8F5AB16182B}
	EndGlobalSection
EndGlobal
