
Microsoft Visual Studio Solution File, Format Version 12.00
# Visual Studio Version 17
VisualStudioVersion = 17.0.32126.317
MinimumVisualStudioVersion = 10.0.40219.1
Project("{FAE04EC0-301F-11D3-BF4B-00C04F79EFBC}") = "BT3.5.Mang", "BT3.5.Mang\BT3.5.Mang.csproj", "{BAA3CD25-B793-4AAF-9640-250DD21FD7C8}"
EndProject
Global
	GlobalSection(SolutionConfigurationPlatforms) = preSolution
		Debug|Any CPU = Debug|Any CPU
		Release|Any CPU = Release|Any CPU
	EndGlobalSection
	GlobalSection(ProjectConfigurationPlatforms) = postSolution
		{BAA3CD25-B793-4AAF-9640-250DD21FD7C8}.Debug|Any CPU.ActiveCfg = Debug|Any CPU
		{BAA3CD25-B793-4AAF-9640-250DD21FD7C8}.Debug|Any CPU.Build.0 = Debug|Any CPU
		{BAA3CD25-B793-4AAF-9640-250DD21FD7C8}.Release|Any CPU.ActiveCfg = Release|Any CPU
		{BAA3CD25-B793-4AAF-9640-250DD21FD7C8}.Release|Any CPU.Build.0 = Release|Any CPU
	EndGlobalSection
	GlobalSection(SolutionProperties) = preSolution
		HideSolutionNode = FALSE
	EndGlobalSection
	GlobalSection(ExtensibilityGlobals) = postSolution
		SolutionGuid = {E1309A94-D694-4422-A016-989FE3F84D25}
	EndGlobalSection
EndGlobal
