
Microsoft Visual Studio Solution File, Format Version 12.00
# Visual Studio Version 17
VisualStudioVersion = 17.0.32126.317
MinimumVisualStudioVersion = 10.0.40219.1
Project("{FAE04EC0-301F-11D3-BF4B-00C04F79EFBC}") = "BT3.8.Cong-Hai-Ma-Tran", "BT3.8.Cong-Hai-Ma-Tran\BT3.8.Cong-Hai-Ma-Tran.csproj", "{0C640F9C-B78D-4FB8-A000-B61D702198BC}"
EndProject
Global
	GlobalSection(SolutionConfigurationPlatforms) = preSolution
		Debug|Any CPU = Debug|Any CPU
		Release|Any CPU = Release|Any CPU
	EndGlobalSection
	GlobalSection(ProjectConfigurationPlatforms) = postSolution
		{0C640F9C-B78D-4FB8-A000-B61D702198BC}.Debug|Any CPU.ActiveCfg = Debug|Any CPU
		{0C640F9C-B78D-4FB8-A000-B61D702198BC}.Debug|Any CPU.Build.0 = Debug|Any CPU
		{0C640F9C-B78D-4FB8-A000-B61D702198BC}.Release|Any CPU.ActiveCfg = Release|Any CPU
		{0C640F9C-B78D-4FB8-A000-B61D702198BC}.Release|Any CPU.Build.0 = Release|Any CPU
	EndGlobalSection
	GlobalSection(SolutionProperties) = preSolution
		HideSolutionNode = FALSE
	EndGlobalSection
	GlobalSection(ExtensibilityGlobals) = postSolution
		SolutionGuid = {EE5C6303-EEC8-416E-A989-5D9683CF51AD}
	EndGlobalSection
EndGlobal
